PODS:
  - Alamofire (4.2.0)
  - Kingfisher (3.2.1)
  - Moya (8.0.0-beta.5):
    - Moya/Core (= 8.0.0-beta.5)
  - Moya-ObjectMapper (2.2):
    - Moya-ObjectMapper/Core (= 2.2)
  - Moya-ObjectMapper/Core (2.2):
    - Moya (>= 8.0.0-beta.4)
    - ObjectMapper (= 2.2.1)
  - Moya/Core (8.0.0-beta.5):
    - Alamofire (~> 4.0)
    - Result (~> 3.0)
  - Nimble (5.1.1)
  - ObjectMapper (2.2.1)
  - Quick (1.0.0)
  - Result (3.1.0)
  - RxSwift (3.0.1)
  - RxTest (3.2.0):
    - RxSwift (~> 3.0)
  - Swinject (2.0.0)
  - SwinjectStoryboard (1.0.0):
    - Swinject (= 2.0.0)

DEPENDENCIES:
  - Alamofire
  - Kingfisher
  - Moya-ObjectMapper
  - Nimble
  - Quick
  - RxSwift
  - RxTest
  - Swinject (~> 2.0.0)
  - SwinjectStoryboard (~> 1.0.0)

SPEC CHECKSUMS:
  Alamofire: aa2e09d871c9160ac53c90e83c68064a94e3dfbe
  Kingfisher: 64ef28c6d3d6f344e3ae2d7f5c9da80439505d99
  Moya: a3bbabe1e21a96066199a2dad874db1949510214
  Moya-ObjectMapper: 25a3c0d62b6803e729d25bf59a6b4f76398bdcac
  Nimble: 415e3aa3267e7bc2c96b05fa814ddea7bb686a29
  ObjectMapper: 41e43e1a89f8060ef5ea5d04ba852e269a621d68
  Quick: 8024e4a47e6cc03a9d5245ef0948264fc6d27cff
  Result: 4e3ed5995ed94d0cd6a09be9a431fce3f3624bbf
  RxSwift: af5680055c4ad04480189c52d28385b1029493a6
  RxTest: 85fdd6f753e8e62635a58d37bbdd3ce7d5abbef3
  Swinject: 2e964a80d70ab09b3949c99032711f89147bfd60
  SwinjectStoryboard: 8e0d3c0202b64172bdf915d55e8dc83d9c4e7863

PODFILE CHECKSUM: b33338bf9dc0521c550d033196ffc45a0b2f6d64

COCOAPODS: 1.2.0
